
Microsoft Visual Studio Solution File, Format Version 12.00
# Visual Studio Version 17
VisualStudioVersion = 17.3.32804.467
MinimumVisualStudioVersion = 10.0.40219.1
Project("{FAE04EC0-301F-11D3-BF4B-00C04F79EFBC}") = "doAn", "doAn\doAn.csproj", "{EF7EC7A0-64E9-4477-A153-C1E28D01ADFD}"
EndProject
Global
	GlobalSection(SolutionConfigurationPlatforms) = preSolution
		Debug|Any CPU = Debug|Any CPU
		Release|Any CPU = Release|Any CPU
	EndGlobalSection
	GlobalSection(ProjectConfigurationPlatforms) = postSolution
		{EF7EC7A0-64E9-4477-A153-C1E28D01ADFD}.Debug|Any CPU.ActiveCfg = Debug|Any CPU
		{EF7EC7A0-64E9-4477-A153-C1E28D01ADFD}.Debug|Any CPU.Build.0 = Debug|Any CPU
		{EF7EC7A0-64E9-4477-A153-C1E28D01ADFD}.Release|Any CPU.ActiveCfg = Release|Any CPU
		{EF7EC7A0-64E9-4477-A153-C1E28D01ADFD}.Release|Any CPU.Build.0 = Release|Any CPU
	EndGlobalSection
	GlobalSection(SolutionProperties) = preSolution
		HideSolutionNode = FALSE
	EndGlobalSection
	GlobalSection(ExtensibilityGlobals) = postSolution
		SolutionGuid = {8C0EDC71-13B8-47AB-A0E5-310E40D4A907}
	EndGlobalSection
EndGlobal
